[root]
name = "iwb-control"
version = "0.0.1"
dependencies = [
 "libc 0.1.8 (registry+https://github.com/rust-lang/crates.io-index)",
 "qmlrs 0.0.1 (git+https://github.com/cyndis/qmlrs.git)",
]

[[package]]
name = "libc"
version = "0.1.8"
source = "registry+https://github.com/rust-lang/crates.io-index"

[[package]]
name = "pkg-config"
version = "0.3.4"
source = "git+https://github.com/alexcrichton/pkg-config-rs#9c3ba5199c40c6e37ab60ce4cd1780bc1b0340c1"

[[package]]
name = "qmlrs"
version = "0.0.1"
source = "git+https://github.com/cyndis/qmlrs.git#78cc2477e20a58a0c08d8b9a821d515cd22f1735"
dependencies = [
 "libc 0.1.8 (registry+https://github.com/rust-lang/crates.io-index)",
 "pkg-config 0.3.4 (git+https://github.com/alexcrichton/pkg-config-rs)",
]

